
Microsoft Visual Studio Solution File, Format Version 12.00
# Visual Studio Version 17
VisualStudioVersion = 17.14.36221.1
MinimumVisualStudioVersion = 10.0.40219.1
Project("{FAE04EC0-301F-11D3-BF4B-00C04F79EFBC}") = "WebAPI", "WebAPI\WebAPI.csproj", "{C6EB0BC4-EADA-4D3F-A2B9-E2A92B0103DE}"
EndProject
Project("{FAE04EC0-301F-11D3-BF4B-00C04F79EFBC}") = "DomainClass", "DomainClass\DomainClass.csproj", "{209531D6-2C48-48B3-8A1F-36D5B190065E}"
EndProject
Project("{FAE04EC0-301F-11D3-BF4B-00C04F79EFBC}") = "DataAcces", "DataAcces\DataAcces.csproj", "{2C247552-35B9-414F-A200-A01150215A6C}"
EndProject
Project("{FAE04EC0-301F-11D3-BF4B-00C04F79EFBC}") = "Logics", "Logics\Logics.csproj", "{4E7B1CB6-50A4-459A-964D-EBA2C3C7FDA3}"
EndProject
Global
	GlobalSection(SolutionConfigurationPlatforms) = preSolution
		Debug|Any CPU = Debug|Any CPU
		Release|Any CPU = Release|Any CPU
	EndGlobalSection
	GlobalSection(ProjectConfigurationPlatforms) = postSolution
		{C6EB0BC4-EADA-4D3F-A2B9-E2A92B0103DE}.Debug|Any CPU.ActiveCfg = Debug|Any CPU
		{C6EB0BC4-EADA-4D3F-A2B9-E2A92B0103DE}.Debug|Any CPU.Build.0 = Debug|Any CPU
		{C6EB0BC4-EADA-4D3F-A2B9-E2A92B0103DE}.Release|Any CPU.ActiveCfg = Release|Any CPU
		{C6EB0BC4-EADA-4D3F-A2B9-E2A92B0103DE}.Release|Any CPU.Build.0 = Release|Any CPU
		{209531D6-2C48-48B3-8A1F-36D5B190065E}.Debug|Any CPU.ActiveCfg = Debug|Any CPU
		{209531D6-2C48-48B3-8A1F-36D5B190065E}.Debug|Any CPU.Build.0 = Debug|Any CPU
		{209531D6-2C48-48B3-8A1F-36D5B190065E}.Release|Any CPU.ActiveCfg = Release|Any CPU
		{209531D6-2C48-48B3-8A1F-36D5B190065E}.Release|Any CPU.Build.0 = Release|Any CPU
		{2C247552-35B9-414F-A200-A01150215A6C}.Debug|Any CPU.ActiveCfg = Debug|Any CPU
		{2C247552-35B9-414F-A200-A01150215A6C}.Debug|Any CPU.Build.0 = Debug|Any CPU
		{2C247552-35B9-414F-A200-A01150215A6C}.Release|Any CPU.ActiveCfg = Release|Any CPU
		{2C247552-35B9-414F-A200-A01150215A6C}.Release|Any CPU.Build.0 = Release|Any CPU
		{4E7B1CB6-50A4-459A-964D-EBA2C3C7FDA3}.Debug|Any CPU.ActiveCfg = Debug|Any CPU
		{4E7B1CB6-50A4-459A-964D-EBA2C3C7FDA3}.Debug|Any CPU.Build.0 = Debug|Any CPU
		{4E7B1CB6-50A4-459A-964D-EBA2C3C7FDA3}.Release|Any CPU.ActiveCfg = Release|Any CPU
		{4E7B1CB6-50A4-459A-964D-EBA2C3C7FDA3}.Release|Any CPU.Build.0 = Release|Any CPU
	EndGlobalSection
	GlobalSection(SolutionProperties) = preSolution
		HideSolutionNode = FALSE
	EndGlobalSection
	GlobalSection(ExtensibilityGlobals) = postSolution
		SolutionGuid = {DDF46133-2F7E-4792-8B7C-37625E44B17E}
	EndGlobalSection
EndGlobal
